// !$*UTF8*$!
{
	archiveVersion = 1;
	classes = {
	};
	objectVersion = 46;
	objects = {

/* Begin PBXBuildFile section */
		2F289AB81F4A213700FD6B84 /* pokerGame.cpp in Sources */ = {isa = PBXBuildFile; fileRef = 2F289AB71F4A213700FD6B84 /* pokerGame.cpp */; };
		2F68654A1F5F5813006A5F88 /* player.cpp in Sources */ = {isa = PBXBuildFile; fileRef = 2F6865481F5F5813006A5F88 /* player.cpp */; };
		2F68654C1F5F63A4006A5F88 /* main.cpp in Sources */ = {isa = PBXBuildFile; fileRef = 2F68654B1F5F63A4006A5F88 /* main.cpp */; };
		2F68654F1F5F6550006A5F88 /* hand.cpp in Sources */ = {isa = PBXBuildFile; fileRef = 2F68654D1F5F6550006A5F88 /* hand.cpp */; };
		2F7690231F50A9FD001D61E4 /* testPokerEval.cpp in Sources */ = {isa = PBXBuildFile; fileRef = 2F7690221F50A9FD001D61E4 /* testPokerEval.cpp */; };
/* End PBXBuildFile section */

/* Begin PBXCopyFilesBuildPhase section */
		2F289AB21F4A213700FD6B84 /* CopyFiles */ = {
			isa = PBXCopyFilesBuildPhase;
			buildActionMask = 2147483647;
			dstPath = /usr/share/man/man1/;
			dstSubfolderSpec = 0;
			files = (
			);
			runOnlyForDeploymentPostprocessing = 1;
		};
/* End PBXCopyFilesBuildPhase section */

/* Begin PBXFileReference section */
		2F289AB41F4A213700FD6B84 /* pokerGame */ = {isa = PBXFileReference; explicitFileType = "compiled.mach-o.executable"; includeInIndex = 0; path = pokerGame; sourceTree = BUILT_PRODUCTS_DIR; };
		2F289AB71F4A213700FD6B84 /* pokerGame.cpp */ = {isa = PBXFileReference; lastKnownFileType = sourcecode.cpp.cpp; path = pokerGame.cpp; sourceTree = "<group>"; };
		2F289ABE1F4B764E00FD6B84 /* Makefile */ = {isa = PBXFileReference; fileEncoding = 4; lastKnownFileType = sourcecode.make; path = Makefile; sourceTree = "<group>"; };
		2F6865471F5F0A59006A5F88 /* toDo.txt */ = {isa = PBXFileReference; fileEncoding = 4; lastKnownFileType = text; path = toDo.txt; sourceTree = "<group>"; };
		2F6865481F5F5813006A5F88 /* player.cpp */ = {isa = PBXFileReference; fileEncoding = 4; lastKnownFileType = sourcecode.cpp.cpp; path = player.cpp; sourceTree = "<group>"; };
		2F6865491F5F5813006A5F88 /* player.h */ = {isa = PBXFileReference; fileEncoding = 4; lastKnownFileType = sourcecode.c.h; path = player.h; sourceTree = "<group>"; };
		2F68654B1F5F63A4006A5F88 /* main.cpp */ = {isa = PBXFileReference; fileEncoding = 4; lastKnownFileType = sourcecode.cpp.cpp; path = main.cpp; sourceTree = "<group>"; };
		2F68654D1F5F6550006A5F88 /* hand.cpp */ = {isa = PBXFileReference; fileEncoding = 4; lastKnownFileType = sourcecode.cpp.cpp; path = hand.cpp; sourceTree = "<group>"; };
		2F68654E1F5F6550006A5F88 /* hand.h */ = {isa = PBXFileReference; fileEncoding = 4; lastKnownFileType = sourcecode.c.h; path = hand.h; sourceTree = "<group>"; };
		2F7690221F50A9FD001D61E4 /* testPokerEval.cpp */ = {isa = PBXFileReference; fileEncoding = 4; lastKnownFileType = sourcecode.cpp.cpp; path = testPokerEval.cpp; sourceTree = "<group>"; };
		2F7690241F50AAAA001D61E4 /* pokerGame.h */ = {isa = PBXFileReference; fileEncoding = 4; lastKnownFileType = sourcecode.c.h; path = pokerGame.h; sourceTree = "<group>"; };
/* End PBXFileReference section */

/* Begin PBXFrameworksBuildPhase section */
		2F289AB11F4A213700FD6B84 /* Frameworks */ = {
			isa = PBXFrameworksBuildPhase;
			buildActionMask = 2147483647;
			files = (
			);
			runOnlyForDeploymentPostprocessing = 0;
		};
/* End PBXFrameworksBuildPhase section */

/* Begin PBXGroup section */
		2F289AAB1F4A213700FD6B84 = {
			isa = PBXGroup;
			children = (
				2F289AB61F4A213700FD6B84 /* pokerGame */,
				2F289AB51F4A213700FD6B84 /* Products */,
			);
			sourceTree = "<group>";
		};
		2F289AB51F4A213700FD6B84 /* Products */ = {
			isa = PBXGroup;
			children = (
				2F289AB41F4A213700FD6B84 /* pokerGame */,
			);
			name = Products;
			sourceTree = "<group>";
		};
		2F289AB61F4A213700FD6B84 /* pokerGame */ = {
			isa = PBXGroup;
			children = (
				2F289AB71F4A213700FD6B84 /* pokerGame.cpp */,
				2F68654B1F5F63A4006A5F88 /* main.cpp */,
				2F6865481F5F5813006A5F88 /* player.cpp */,
				2F6865491F5F5813006A5F88 /* player.h */,
				2F7690241F50AAAA001D61E4 /* pokerGame.h */,
				2F68654D1F5F6550006A5F88 /* hand.cpp */,
				2F68654E1F5F6550006A5F88 /* hand.h */,
				2F6865471F5F0A59006A5F88 /* toDo.txt */,
				2F7690221F50A9FD001D61E4 /* testPokerEval.cpp */,
				2F289ABE1F4B764E00FD6B84 /* Makefile */,
			);
			path = pokerGame;
			sourceTree = "<group>";
		};
/* End PBXGroup section */

/* Begin PBXNativeTarget section */
		2F289AB31F4A213700FD6B84 /* pokerGame */ = {
			isa = PBXNativeTarget;
			buildConfigurationList = 2F289ABB1F4A213700FD6B84 /* Build configuration list for PBXNativeTarget "pokerGame" */;
			buildPhases = (
				2F289AB01F4A213700FD6B84 /* Sources */,
				2F289AB11F4A213700FD6B84 /* Frameworks */,
				2F289AB21F4A213700FD6B84 /* CopyFiles */,
			);
			buildRules = (
			);
			dependencies = (
			);
			name = pokerGame;
			productName = pokerGame;
			productReference = 2F289AB41F4A213700FD6B84 /* pokerGame */;
			productType = "com.apple.product-type.tool";
		};
/* End PBXNativeTarget section */

/* Begin PBXProject section */
		2F289AAC1F4A213700FD6B84 /* Project object */ = {
			isa = PBXProject;
			attributes = {
				LastUpgradeCheck = 0830;
				ORGANIZATIONNAME = "Seth Saperstein";
				TargetAttributes = {
					2F289AB31F4A213700FD6B84 = {
						CreatedOnToolsVersion = 8.3.3;
						DevelopmentTeam = H749SUR7RN;
						ProvisioningStyle = Automatic;
					};
				};
			};
			buildConfigurationList = 2F289AAF1F4A213700FD6B84 /* Build configuration list for PBXProject "pokerGame" */;
			compatibilityVersion = "Xcode 3.2";
			developmentRegion = English;
			hasScannedForEncodings = 0;
			knownRegions = (
				en,
			);
			mainGroup = 2F289AAB1F4A213700FD6B84;
			productRefGroup = 2F289AB51F4A213700FD6B84 /* Products */;
			projectDirPath = "";
			projectRoot = "";
			targets = (
				2F289AB31F4A213700FD6B84 /* pokerGame */,
			);
		};
/* End PBXProject section */

/* Begin PBXSourcesBuildPhase section */
		2F289AB01F4A213700FD6B84 /* Sources */ = {
			isa = PBXSourcesBuildPhase;
			buildActionMask = 2147483647;
			files = (
				2F68654A1F5F5813006A5F88 /* player.cpp in Sources */,
				2F68654F1F5F6550006A5F88 /* hand.cpp in Sources */,
				2F7690231F50A9FD001D61E4 /* testPokerEval.cpp in Sources */,
				2F68654C1F5F63A4006A5F88 /* main.cpp in Sources */,
				2F289AB81F4A213700FD6B84 /* pokerGame.cpp in Sources */,
			);
			runOnlyForDeploymentPostprocessing = 0;
		};
/* End PBXSourcesBuildPhase section */

/* Begin XCBuildConfiguration section */
		2F289AB91F4A213700FD6B84 /* Debug */ = {
			isa = XCBuildConfiguration;
			buildSettings = {
				ALWAYS_SEARCH_USER_PATHS = NO;
				CLANG_ANALYZER_NONNULL = YES;
				CLANG_ANALYZER_NUMBER_OBJECT_CONVERSION = YES_AGGRESSIVE;
				CLANG_CXX_LANGUAGE_STANDARD = "gnu++0x";
				CLANG_CXX_LIBRARY = "libc++";
				CLANG_ENABLE_MODULES = YES;
				CLANG_ENABLE_OBJC_ARC = YES;
				CLANG_WARN_BOOL_CONVERSION = YES;
				CLANG_WARN_CONSTANT_CONVERSION = YES;
				CLANG_WARN_DIRECT_OBJC_ISA_USAGE = YES_ERROR;
				CLANG_WARN_DOCUMENTATION_COMMENTS = YES;
				CLANG_WARN_EMPTY_BODY = YES;
				CLANG_WARN_ENUM_CONVERSION = YES;
				CLANG_WARN_INFINITE_RECURSION = YES;
				CLANG_WARN_INT_CONVERSION = YES;
				CLANG_WARN_OBJC_ROOT_CLASS = YES_ERROR;
				CLANG_WARN_SUSPICIOUS_MOVE = YES;
				CLANG_WARN_UNREACHABLE_CODE = YES;
				CLANG_WARN__DUPLICATE_METHOD_MATCH = YES;
				CODE_SIGN_IDENTITY = "-";
				COPY_PHASE_STRIP = NO;
				DEBUG_INFORMATION_FORMAT = dwarf;
				ENABLE_STRICT_OBJC_MSGSEND = YES;
				ENABLE_TESTABILITY = YES;
				GCC_C_LANGUAGE_STANDARD = gnu99;
				GCC_DYNAMIC_NO_PIC = NO;
				GCC_NO_COMMON_BLOCKS = YES;
				GCC_OPTIMIZATION_LEVEL = 0;
				GCC_PREPROCESSOR_DEFINITIONS = (
					"DEBUG=1",
					"$(inherited)",
				);
				GCC_WARN_64_TO_32_BIT_CONVERSION = YES;
				GCC_WARN_ABOUT_RETURN_TYPE = YES_ERROR;
				GCC_WARN_UNDECLARED_SELECTOR = YES;
				GCC_WARN_UNINITIALIZED_AUTOS = YES_AGGRESSIVE;
				GCC_WARN_UNUSED_FUNCTION = YES;
				GCC_WARN_UNUSED_VARIABLE = YES;
				MACOSX_DEPLOYMENT_TARGET = 10.12;
				MTL_ENABLE_DEBUG_INFO = YES;
				ONLY_ACTIVE_ARCH = YES;
				SDKROOT = macosx;
			};
			name = Debug;
		};
		2F289ABA1F4A213700FD6B84 /* Release */ = {
			isa = XCBuildConfiguration;
			buildSettings = {
				ALWAYS_SEARCH_USER_PATHS = NO;
				CLANG_ANALYZER_NONNULL = YES;
				CLANG_ANALYZER_NUMBER_OBJECT_CONVERSION = YES_AGGRESSIVE;
				CLANG_CXX_LANGUAGE_STANDARD = "gnu++0x";
				CLANG_CXX_LIBRARY = "libc++";
				CLANG_ENABLE_MODULES = YES;
				CLANG_ENABLE_OBJC_ARC = YES;
				CLANG_WARN_BOOL_CONVERSION = YES;
				CLANG_WARN_CONSTANT_CONVERSION = YES;
				CLANG_WARN_DIRECT_OBJC_ISA_USAGE = YES_ERROR;
				CLANG_WARN_DOCUMENTATION_COMMENTS = YES;
				CLANG_WARN_EMPTY_BODY = YES;
				CLANG_WARN_ENUM_CONVERSION = YES;
				CLANG_WARN_INFINITE_RECURSION = YES;
				CLANG_WARN_INT_CONVERSION = YES;
				CLANG_WARN_OBJC_ROOT_CLASS = YES_ERROR;
				CLANG_WARN_SUSPICIOUS_MOVE = YES;
				CLANG_WARN_UNREACHABLE_CODE = YES;
				CLANG_WARN__DUPLICATE_METHOD_MATCH = YES;
				CODE_SIGN_IDENTITY = "-";
				COPY_PHASE_STRIP = NO;
				DEBUG_INFORMATION_FORMAT = "dwarf-with-dsym";
				ENABLE_NS_ASSERTIONS = NO;
				ENABLE_STRICT_OBJC_MSGSEND = YES;
				GCC_C_LANGUAGE_STANDARD = gnu99;
				GCC_NO_COMMON_BLOCKS = YES;
				GCC_WARN_64_TO_32_BIT_CONVERSION = YES;
				GCC_WARN_ABOUT_RETURN_TYPE = YES_ERROR;
				GCC_WARN_UNDECLARED_SELECTOR = YES;
				GCC_WARN_UNINITIALIZED_AUTOS = YES_AGGRESSIVE;
				GCC_WARN_UNUSED_FUNCTION = YES;
				GCC_WARN_UNUSED_VARIABLE = YES;
				MACOSX_DEPLOYMENT_TARGET = 10.12;
				MTL_ENABLE_DEBUG_INFO = NO;
				SDKROOT = macosx;
			};
			name = Release;
		};
		2F289ABC1F4A213700FD6B84 /* Debug */ = {
			isa = XCBuildConfiguration;
			buildSettings = {
				DEVELOPMENT_TEAM = H749SUR7RN;
				PRODUCT_NAME = "$(TARGET_NAME)";
			};
			name = Debug;
		};
		2F289ABD1F4A213700FD6B84 /* Release */ = {
			isa = XCBuildConfiguration;
			buildSettings = {
				DEVELOPMENT_TEAM = H749SUR7RN;
				PRODUCT_NAME = "$(TARGET_NAME)";
			};
			name = Release;
		};
/* End XCBuildConfiguration section */

/* Begin XCConfigurationList section */
		2F289AAF1F4A213700FD6B84 /* Build configuration list for PBXProject "pokerGame" */ = {
			isa = XCConfigurationList;
			buildConfigurations = (
				2F289AB91F4A213700FD6B84 /* Debug */,
				2F289ABA1F4A213700FD6B84 /* Release */,
			);
			defaultConfigurationIsVisible = 0;
			defaultConfigurationName = Release;
		};
		2F289ABB1F4A213700FD6B84 /* Build configuration list for PBXNativeTarget "pokerGame" */ = {
			isa = XCConfigurationList;
			buildConfigurations = (
				2F289ABC1F4A213700FD6B84 /* Debug */,
				2F289ABD1F4A213700FD6B84 /* Release */,
			);
			defaultConfigurationIsVisible = 0;
			defaultConfigurationName = Release;
		};
/* End XCConfigurationList section */
	};
	rootObject = 2F289AAC1F4A213700FD6B84 /* Project object */;
}
